
Microsoft Visual Studio Solution File, Format Version 12.00
# Visual Studio Version 17
VisualStudioVersion = 17.10.35027.167
MinimumVisualStudioVersion = 10.0.40219.1
Project("{FAE04EC0-301F-11D3-BF4B-00C04F79EFBC}") = "SinqiaParibas45", "SinqiaParibas45.csproj", "{C6C28513-2F71-411A-875F-490F0932F52C}"
EndProject
Project("{FAE04EC0-301F-11D3-BF4B-00C04F79EFBC}") = "SinqiaParibas45.Tests", "..\SinqiaParibas45.Tests\SinqiaParibas45.Tests.csproj", "{10EB9A7D-1647-454B-B1A3-8AE851C27F2B}"
EndProject
Global
	GlobalSection(SolutionConfigurationPlatforms) = preSolution
		Debug|Any CPU = Debug|Any CPU
		Release|Any CPU = Release|Any CPU
	EndGlobalSection
	GlobalSection(ProjectConfigurationPlatforms) = postSolution
		{C6C28513-2F71-411A-875F-490F0932F52C}.Debug|Any CPU.ActiveCfg = Debug|Any CPU
		{C6C28513-2F71-411A-875F-490F0932F52C}.Debug|Any CPU.Build.0 = Debug|Any CPU
		{C6C28513-2F71-411A-875F-490F0932F52C}.Release|Any CPU.ActiveCfg = Release|Any CPU
		{C6C28513-2F71-411A-875F-490F0932F52C}.Release|Any CPU.Build.0 = Release|Any CPU
		{10EB9A7D-1647-454B-B1A3-8AE851C27F2B}.Debug|Any CPU.ActiveCfg = Debug|Any CPU
		{10EB9A7D-1647-454B-B1A3-8AE851C27F2B}.Debug|Any CPU.Build.0 = Debug|Any CPU
		{10EB9A7D-1647-454B-B1A3-8AE851C27F2B}.Release|Any CPU.ActiveCfg = Release|Any CPU
		{10EB9A7D-1647-454B-B1A3-8AE851C27F2B}.Release|Any CPU.Build.0 = Release|Any CPU
	EndGlobalSection
	GlobalSection(SolutionProperties) = preSolution
		HideSolutionNode = FALSE
	EndGlobalSection
	GlobalSection(ExtensibilityGlobals) = postSolution
		SolutionGuid = {1B1A340C-3481-4C8E-A4D1-93AFD659EB7C}
	EndGlobalSection
EndGlobal
